Microsoft Visual Studio Solution File, Format Version 12.00
# Visual Studio Version 17
VisualStudioVersion = 17.5.2.0
MinimumVisualStudioVersion = 10.0.40219.1
Project("{FAE04EC0-301F-11D3-BF4B-00C04F79EFBC}") = "IndxCloudApi", "IndxCloudApi.csproj", "{DEAC6CB0-5ACA-D7A9-C7DD-82013A4422A3}"
EndProject
Global
	GlobalSection(SolutionConfigurationPlatforms) = preSolution
		Debug|Any CPU = Debug|Any CPU
		Release|Any CPU = Release|Any CPU
	EndGlobalSection
	GlobalSection(ProjectConfigurationPlatforms) = postSolution
		{DEAC6CB0-5ACA-D7A9-C7DD-82013A4422A3}.Debug|Any CPU.ActiveCfg = Debug|Any CPU
		{DEAC6CB0-5ACA-D7A9-C7DD-82013A4422A3}.Debug|Any CPU.Build.0 = Debug|Any CPU
		{DEAC6CB0-5ACA-D7A9-C7DD-82013A4422A3}.Release|Any CPU.ActiveCfg = Release|Any CPU
		{DEAC6CB0-5ACA-D7A9-C7DD-82013A4422A3}.Release|Any CPU.Build.0 = Release|Any CPU
	EndGlobalSection
	GlobalSection(SolutionProperties) = preSolution
		HideSolutionNode = FALSE
	EndGlobalSection
	GlobalSection(ExtensibilityGlobals) = postSolution
		SolutionGuid = {AD2B1563-5411-42BF-8708-B675A4B9637E}
	EndGlobalSection
EndGlobal
